core:changelogs:
  - content: "---\npackages:\n  lenso-cli:\n    type: patch\n  \"@lenso/cli\":\n    type: patch\n---\n\n### Features\n\nPublish independent Lenso Console installation, upgrade, recovery, backup, and\nOperator bootstrap operations through the universal CLI distribution.\n"
    filename: release.md
    v: 0.0.0
core:packages:
  - changelogIds:
      - release.md
    id: npm:@lenso/cli
    updated: true
  - changelogIds:
      - release.md
    id: cargo:lenso-cli
    updated: true
npm:packages:
  - id: npm:@lenso/cli
