core:changelogs:
  - content: "---\npackages:\n  lenso-cli:\n    type: patch\n  \"@lenso/cli\":\n    type: patch\n---\n\n### Fixes\n\nPublish the M6 CLI distribution after scoping the shadow npm registry to the\nsealed publish command instead of the publishing toolchain bootstrap.\n"
    filename: release.md
    v: 0.0.0
core:packages:
  - changelogIds:
      - release.md
    id: npm:@lenso/cli
    updated: true
  - changelogIds:
      - release.md
    id: cargo:lenso-cli
    updated: true
npm:packages:
  - id: npm:@lenso/cli
